
Microsoft Visual Studio Solution File, Format Version 12.00
# Visual Studio Version 17
VisualStudioVersion = 17.6.33829.357
MinimumVisualStudioVersion = 10.0.40219.1
Project("{FAE04EC0-301F-11D3-BF4B-00C04F79EFBC}") = "Grpc_Client", "Grpc_Client\Grpc_Client.csproj", "{887955A8-95B4-4C41-BB8D-AEB273F6A706}"
EndProject
Global
	GlobalSection(SolutionConfigurationPlatforms) = preSolution
		Debug|Any CPU = Debug|Any CPU
		Release|Any CPU = Release|Any CPU
	EndGlobalSection
	GlobalSection(ProjectConfigurationPlatforms) = postSolution
		{887955A8-95B4-4C41-BB8D-AEB273F6A706}.Debug|Any CPU.ActiveCfg = Debug|Any CPU
		{887955A8-95B4-4C41-BB8D-AEB273F6A706}.Debug|Any CPU.Build.0 = Debug|Any CPU
		{887955A8-95B4-4C41-BB8D-AEB273F6A706}.Release|Any CPU.ActiveCfg = Release|Any CPU
		{887955A8-95B4-4C41-BB8D-AEB273F6A706}.Release|Any CPU.Build.0 = Release|Any CPU
	EndGlobalSection
	GlobalSection(SolutionProperties) = preSolution
		HideSolutionNode = FALSE
	EndGlobalSection
	GlobalSection(ExtensibilityGlobals) = postSolution
		SolutionGuid = {EB6A2210-9810-4976-9809-E3A13E15CE8C}
	EndGlobalSection
EndGlobal
